
Microsoft Visual Studio Solution File, Format Version 12.00
# Visual Studio 15
VisualStudioVersion = 15.0.26730.16
MinimumVisualStudioVersion = 10.0.40219.1
Project("{FAE04EC0-301F-11D3-BF4B-00C04F79EFBC}") = "ContosoConsultancy.DataAccess", "src\ContosoConsultancy.DataAccess\ContosoConsultancy.DataAccess.csproj", "{C177A379-0115-472C-B143-EB1A26CF3CE4}"
EndProject
Project("{FAE04EC0-301F-11D3-BF4B-00C04F79EFBC}") = "ContosoConsultancy.Core", "src\ContosoConsultancy.Core\ContosoConsultancy.Core.csproj", "{204941B0-AF12-4815-B22C-7E0CC4D54158}"
EndProject
Project("{FAE04EC0-301F-11D3-BF4B-00C04F79EFBC}") = "ContosoConsultancy.Rest", "src\ContosoConsultancy.Rest\ContosoConsultancy.Rest.csproj", "{AC669B41-2C88-41EA-AB75-1C738B37DA09}"
EndProject
Project("{2150E333-8FDC-42A3-9474-1A3956D46DE8}") = "Solution Items", "Solution Items", "{2086F8D0-1D62-4189-A722-B67728058E9F}"
	ProjectSection(SolutionItems) = preProject
		Database.md = Database.md
		README.md = README.md
	EndProjectSection
EndProject
Project("{FAE04EC0-301F-11D3-BF4B-00C04F79EFBC}") = "ContosoConsultancy.Rest.Client", "src\ContosoConsultancy.Rest.Client\ContosoConsultancy.Rest.Client.csproj", "{72AAF11B-D8EE-415D-8920-C570BC72EC7F}"
EndProject
Project("{FAE04EC0-301F-11D3-BF4B-00C04F79EFBC}") = "ContosoConsultancy.Rest.Test", "test\ContosoConsultancy.Rest.Test\ContosoConsultancy.Rest.Test.csproj", "{DD4178D7-F471-49B0-A5EB-046A4E43CABC}"
EndProject
Global
	GlobalSection(SolutionConfigurationPlatforms) = preSolution
		Debug|Any CPU = Debug|Any CPU
		Release|Any CPU = Release|Any CPU
	EndGlobalSection
	GlobalSection(ProjectConfigurationPlatforms) = postSolution
		{C177A379-0115-472C-B143-EB1A26CF3CE4}.Debug|Any CPU.ActiveCfg = Debug|Any CPU
		{C177A379-0115-472C-B143-EB1A26CF3CE4}.Debug|Any CPU.Build.0 = Debug|Any CPU
		{C177A379-0115-472C-B143-EB1A26CF3CE4}.Release|Any CPU.ActiveCfg = Release|Any CPU
		{C177A379-0115-472C-B143-EB1A26CF3CE4}.Release|Any CPU.Build.0 = Release|Any CPU
		{204941B0-AF12-4815-B22C-7E0CC4D54158}.Debug|Any CPU.ActiveCfg = Debug|Any CPU
		{204941B0-AF12-4815-B22C-7E0CC4D54158}.Debug|Any CPU.Build.0 = Debug|Any CPU
		{204941B0-AF12-4815-B22C-7E0CC4D54158}.Release|Any CPU.ActiveCfg = Release|Any CPU
		{204941B0-AF12-4815-B22C-7E0CC4D54158}.Release|Any CPU.Build.0 = Release|Any CPU
		{AC669B41-2C88-41EA-AB75-1C738B37DA09}.Debug|Any CPU.ActiveCfg = Debug|Any CPU
		{AC669B41-2C88-41EA-AB75-1C738B37DA09}.Debug|Any CPU.Build.0 = Debug|Any CPU
		{AC669B41-2C88-41EA-AB75-1C738B37DA09}.Release|Any CPU.ActiveCfg = Release|Any CPU
		{AC669B41-2C88-41EA-AB75-1C738B37DA09}.Release|Any CPU.Build.0 = Release|Any CPU
		{72AAF11B-D8EE-415D-8920-C570BC72EC7F}.Debug|Any CPU.ActiveCfg = Debug|Any CPU
		{72AAF11B-D8EE-415D-8920-C570BC72EC7F}.Debug|Any CPU.Build.0 = Debug|Any CPU
		{72AAF11B-D8EE-415D-8920-C570BC72EC7F}.Release|Any CPU.ActiveCfg = Release|Any CPU
		{72AAF11B-D8EE-415D-8920-C570BC72EC7F}.Release|Any CPU.Build.0 = Release|Any CPU
		{DD4178D7-F471-49B0-A5EB-046A4E43CABC}.Debug|Any CPU.ActiveCfg = Debug|Any CPU
		{DD4178D7-F471-49B0-A5EB-046A4E43CABC}.Debug|Any CPU.Build.0 = Debug|Any CPU
		{DD4178D7-F471-49B0-A5EB-046A4E43CABC}.Release|Any CPU.ActiveCfg = Release|Any CPU
		{DD4178D7-F471-49B0-A5EB-046A4E43CABC}.Release|Any CPU.Build.0 = Release|Any CPU
	EndGlobalSection
	GlobalSection(SolutionProperties) = preSolution
		HideSolutionNode = FALSE
	EndGlobalSection
	GlobalSection(ExtensibilityGlobals) = postSolution
		SolutionGuid = {9BAFF41C-AF86-4467-8254-CFAB8E37E4AB}
	EndGlobalSection
EndGlobal
